
Microsoft Visual Studio Solution File, Format Version 12.00
# Visual Studio Version 16
VisualStudioVersion = 16.0.30804.86
MinimumVisualStudioVersion = 10.0.40219.1
Project("{FAE04EC0-301F-11D3-BF4B-00C04F79EFBC}") = "ATMS", "ATMS\ATMS.csproj", "{BD410FBE-BC4D-4351-AF1E-D02B5F62382B}"
EndProject
Global
	GlobalSection(SolutionConfigurationPlatforms) = preSolution
		Debug|Any CPU = Debug|Any CPU
		Release|Any CPU = Release|Any CPU
	EndGlobalSection
	GlobalSection(ProjectConfigurationPlatforms) = postSolution
		{BD410FBE-BC4D-4351-AF1E-D02B5F62382B}.Debug|Any CPU.ActiveCfg = Debug|Any CPU
		{BD410FBE-BC4D-4351-AF1E-D02B5F62382B}.Debug|Any CPU.Build.0 = Debug|Any CPU
		{BD410FBE-BC4D-4351-AF1E-D02B5F62382B}.Release|Any CPU.ActiveCfg = Release|Any CPU
		{BD410FBE-BC4D-4351-AF1E-D02B5F62382B}.Release|Any CPU.Build.0 = Release|Any CPU
		{F82C4006-6C2F-4106-865B-732FA44DFC09}.Debug|Any CPU.ActiveCfg = Debug|Any CPU
		{F82C4006-6C2F-4106-865B-732FA44DFC09}.Debug|Any CPU.Build.0 = Debug|Any CPU
		{F82C4006-6C2F-4106-865B-732FA44DFC09}.Release|Any CPU.ActiveCfg = Release|Any CPU
		{F82C4006-6C2F-4106-865B-732FA44DFC09}.Release|Any CPU.Build.0 = Release|Any CPU
	EndGlobalSection
	GlobalSection(SolutionProperties) = preSolution
		HideSolutionNode = FALSE
	EndGlobalSection
	GlobalSection(ExtensibilityGlobals) = postSolution
		SolutionGuid = {7FD19058-2BBB-4E7E-9762-48AEA2DAE494}
	EndGlobalSection
EndGlobal
